
Microsoft Visual Studio Solution File, Format Version 12.00
# Visual Studio Version 17
VisualStudioVersion = 17.0.32014.148
MinimumVisualStudioVersion = 10.0.40219.1
Project("{9A19103F-16F7-4668-BE54-9A1E7A4F7556}") = "CSharpExercise", "CSharpExercise\CSharpExercise.csproj", "{206EA764-E4CE-47F0-8FB6-B954CCFBD23D}"
EndProject
Project("{FAE04EC0-301F-11D3-BF4B-00C04F79EFBC}") = "CSharpExercise.Tests", "CSharpExercise.Tests\CSharpExercise.Tests.csproj", "{7C16C88E-AAFC-4964-9E03-2C822A575E36}"
EndProject
Global
	GlobalSection(SolutionConfigurationPlatforms) = preSolution
		Debug|Any CPU = Debug|Any CPU
		Release|Any CPU = Release|Any CPU
	EndGlobalSection
	GlobalSection(ProjectConfigurationPlatforms) = postSolution
		{206EA764-E4CE-47F0-8FB6-B954CCFBD23D}.Debug|Any CPU.ActiveCfg = Debug|Any CPU
		{206EA764-E4CE-47F0-8FB6-B954CCFBD23D}.Debug|Any CPU.Build.0 = Debug|Any CPU
		{206EA764-E4CE-47F0-8FB6-B954CCFBD23D}.Release|Any CPU.ActiveCfg = Release|Any CPU
		{206EA764-E4CE-47F0-8FB6-B954CCFBD23D}.Release|Any CPU.Build.0 = Release|Any CPU
		{7C16C88E-AAFC-4964-9E03-2C822A575E36}.Debug|Any CPU.ActiveCfg = Debug|Any CPU
		{7C16C88E-AAFC-4964-9E03-2C822A575E36}.Debug|Any CPU.Build.0 = Debug|Any CPU
		{7C16C88E-AAFC-4964-9E03-2C822A575E36}.Release|Any CPU.ActiveCfg = Release|Any CPU
		{7C16C88E-AAFC-4964-9E03-2C822A575E36}.Release|Any CPU.Build.0 = Release|Any CPU
	EndGlobalSection
	GlobalSection(SolutionProperties) = preSolution
		HideSolutionNode = FALSE
	EndGlobalSection
	GlobalSection(ExtensibilityGlobals) = postSolution
		SolutionGuid = {A1F56821-5CC9-479C-91F3-78C6586C65AE}
	EndGlobalSection
EndGlobal
